
Microsoft Visual Studio Solution File, Format Version 12.00
# Visual Studio Version 17
VisualStudioVersion = 17.0.31903.59
MinimumVisualStudioVersion = 10.0.40219.1
Project("{2150E333-8FDC-42A3-9474-1A3956D46DE8}") = "app", "app", "{CC32CAE9-0175-4DCB-A15A-A5EFAC883BAE}"
EndProject
Project("{2150E333-8FDC-42A3-9474-1A3956D46DE8}") = "data-move", "data-move", "{E723FEDD-FB12-419B-9B43-79979BB3D1B5}"
EndProject
Project("{FAE04EC0-301F-11D3-BF4B-00C04F79EFBC}") = "Console", "src\app\data-move\Console\Console.csproj", "{F47350A7-FE24-42F0-9921-9D2747A78C24}"
EndProject
Project("{FAE04EC0-301F-11D3-BF4B-00C04F79EFBC}") = "Handler", "src\app\data-move\Handler\Handler.csproj", "{37E4B1ED-F8D6-4B3B-98D9-7284DD4B932C}"
EndProject
Project("{2150E333-8FDC-42A3-9474-1A3956D46DE8}") = "data-sync", "data-sync", "{1885CF29-7D43-41B7-BB4B-ECDA7EE7A9A4}"
EndProject
Project("{FAE04EC0-301F-11D3-BF4B-00C04F79EFBC}") = "AzureFunc", "src\app\data-sync\AzureFunc\AzureFunc.csproj", "{B5DF2B66-86CB-4723-AD8B-F1F20DF0F180}"
EndProject
Project("{FAE04EC0-301F-11D3-BF4B-00C04F79EFBC}") = "Handler", "src\app\data-sync\Handler\Handler.csproj", "{1CB99E1D-5753-48E2-8394-6CF5B7CA4549}"
EndProject
Project("{2150E333-8FDC-42A3-9474-1A3956D46DE8}") = "data-mover-api", "data-mover-api", "{7F45BECB-7734-49E0-AABC-99E3EBA13AF1}"
EndProject
Project("{2150E333-8FDC-42A3-9474-1A3956D46DE8}") = "DataMover.Api", "DataMover.Api", "{AA251F19-0F50-4D2F-9553-BECF0D37739F}"
EndProject
Project("{FAE04EC0-301F-11D3-BF4B-00C04F79EFBC}") = "Api", "src\data-mover-api\DataMover.Api\Api\Api.csproj", "{AB51A493-5C7B-4778-B33E-C4BECA66FEDB}"
EndProject
Project("{FAE04EC0-301F-11D3-BF4B-00C04F79EFBC}") = "Contract.Move", "src\data-mover-api\DataMover.Api\Contract.Move\Contract.Move.csproj", "{4AFB93A6-9E1C-4DAB-B551-B715D647448F}"
EndProject
Project("{FAE04EC0-301F-11D3-BF4B-00C04F79EFBC}") = "Contract.Sync", "src\data-mover-api\DataMover.Api\Contract.Sync\Contract.Sync.csproj", "{CED9321D-5C75-4C96-B26B-7AF525BACDB7}"
EndProject
Project("{2150E333-8FDC-42A3-9474-1A3956D46DE8}") = "service", "service", "{BF8016D1-2881-4C77-9C67-7FE6642ADFB7}"
EndProject
Project("{2150E333-8FDC-42A3-9474-1A3956D46DE8}") = "CrmEntityFlow.Get", "CrmEntityFlow.Get", "{71B43D2E-0915-4CE9-95CF-9A6BD6CA5354}"
EndProject
Project("{FAE04EC0-301F-11D3-BF4B-00C04F79EFBC}") = "Func", "src\service\CrmEntityFlow.Get\Func\Func.csproj", "{95304D91-D0BD-419C-A694-ECC7EB520501}"
EndProject
Project("{FAE04EC0-301F-11D3-BF4B-00C04F79EFBC}") = "Contract", "src\service\CrmEntityFlow.Get\Contract\Contract.csproj", "{FA40B20D-7305-4E4A-9474-1B5900811C38}"
EndProject
Project("{2150E333-8FDC-42A3-9474-1A3956D46DE8}") = "DbData.Api", "DbData.Api", "{0A3F8A90-FDB5-43D6-AF83-47510CB125A8}"
EndProject
Project("{FAE04EC0-301F-11D3-BF4B-00C04F79EFBC}") = "Api", "src\service\DbData.Api\Api\Api.csproj", "{D66B2CFB-DE40-4F4C-B1B2-6B6601FC8C5A}"
EndProject
Project("{FAE04EC0-301F-11D3-BF4B-00C04F79EFBC}") = "Contract", "src\service\DbData.Api\Contract\Contract.csproj", "{8C433EBE-C846-42D4-9A8F-EBEE3F9AC7C9}"
EndProject
Project("{FAE04EC0-301F-11D3-BF4B-00C04F79EFBC}") = "Test", "src\service\DbData.Api\Test\Test.csproj", "{AC3D2B1D-8E6C-4C6A-B456-C83EA33D2D10}"
EndProject
Project("{2150E333-8FDC-42A3-9474-1A3956D46DE8}") = "RuleSet.Get", "RuleSet.Get", "{22C2E6E3-454A-4DC3-9AA4-CE5E14BF44E9}"
EndProject
Project("{FAE04EC0-301F-11D3-BF4B-00C04F79EFBC}") = "Func", "src\service\RuleSet.Get\Func\Func.csproj", "{7E1F0EA3-5A54-4EC3-8944-E54FF0EC0D4B}"
EndProject
Project("{FAE04EC0-301F-11D3-BF4B-00C04F79EFBC}") = "Contract", "src\service\RuleSet.Get\Contract\Contract.csproj", "{FCFC0BB2-67B3-4AD3-8F70-CD42C253E1B7}"
EndProject
Project("{FAE04EC0-301F-11D3-BF4B-00C04F79EFBC}") = "Test", "src\service\RuleSet.Get\Test\Test.csproj", "{8148012A-810F-4853-999E-8E48AF9A14F6}"
EndProject
Project("{FAE04EC0-301F-11D3-BF4B-00C04F79EFBC}") = "Test", "src\service\CrmEntityFlow.Get\Test\Test.csproj", "{79DEEBBE-0D77-4AE4-927D-47719C5B990A}"
EndProject
Global
	GlobalSection(SolutionConfigurationPlatforms) = preSolution
		Debug|Any CPU = Debug|Any CPU
		Release|Any CPU = Release|Any CPU
	EndGlobalSection
	GlobalSection(SolutionProperties) = preSolution
		HideSolutionNode = FALSE
	EndGlobalSection
	GlobalSection(ProjectConfigurationPlatforms) = postSolution
		{F47350A7-FE24-42F0-9921-9D2747A78C24}.Debug|Any CPU.ActiveCfg = Debug|Any CPU
		{F47350A7-FE24-42F0-9921-9D2747A78C24}.Debug|Any CPU.Build.0 = Debug|Any CPU
		{F47350A7-FE24-42F0-9921-9D2747A78C24}.Release|Any CPU.ActiveCfg = Release|Any CPU
		{F47350A7-FE24-42F0-9921-9D2747A78C24}.Release|Any CPU.Build.0 = Release|Any CPU
		{37E4B1ED-F8D6-4B3B-98D9-7284DD4B932C}.Debug|Any CPU.ActiveCfg = Debug|Any CPU
		{37E4B1ED-F8D6-4B3B-98D9-7284DD4B932C}.Debug|Any CPU.Build.0 = Debug|Any CPU
		{37E4B1ED-F8D6-4B3B-98D9-7284DD4B932C}.Release|Any CPU.ActiveCfg = Release|Any CPU
		{37E4B1ED-F8D6-4B3B-98D9-7284DD4B932C}.Release|Any CPU.Build.0 = Release|Any CPU
		{B5DF2B66-86CB-4723-AD8B-F1F20DF0F180}.Debug|Any CPU.ActiveCfg = Debug|Any CPU
		{B5DF2B66-86CB-4723-AD8B-F1F20DF0F180}.Debug|Any CPU.Build.0 = Debug|Any CPU
		{B5DF2B66-86CB-4723-AD8B-F1F20DF0F180}.Release|Any CPU.ActiveCfg = Release|Any CPU
		{B5DF2B66-86CB-4723-AD8B-F1F20DF0F180}.Release|Any CPU.Build.0 = Release|Any CPU
		{1CB99E1D-5753-48E2-8394-6CF5B7CA4549}.Debug|Any CPU.ActiveCfg = Debug|Any CPU
		{1CB99E1D-5753-48E2-8394-6CF5B7CA4549}.Debug|Any CPU.Build.0 = Debug|Any CPU
		{1CB99E1D-5753-48E2-8394-6CF5B7CA4549}.Release|Any CPU.ActiveCfg = Release|Any CPU
		{1CB99E1D-5753-48E2-8394-6CF5B7CA4549}.Release|Any CPU.Build.0 = Release|Any CPU
		{AB51A493-5C7B-4778-B33E-C4BECA66FEDB}.Debug|Any CPU.ActiveCfg = Debug|Any CPU
		{AB51A493-5C7B-4778-B33E-C4BECA66FEDB}.Debug|Any CPU.Build.0 = Debug|Any CPU
		{AB51A493-5C7B-4778-B33E-C4BECA66FEDB}.Release|Any CPU.ActiveCfg = Release|Any CPU
		{AB51A493-5C7B-4778-B33E-C4BECA66FEDB}.Release|Any CPU.Build.0 = Release|Any CPU
		{4AFB93A6-9E1C-4DAB-B551-B715D647448F}.Debug|Any CPU.ActiveCfg = Debug|Any CPU
		{4AFB93A6-9E1C-4DAB-B551-B715D647448F}.Debug|Any CPU.Build.0 = Debug|Any CPU
		{4AFB93A6-9E1C-4DAB-B551-B715D647448F}.Release|Any CPU.ActiveCfg = Release|Any CPU
		{4AFB93A6-9E1C-4DAB-B551-B715D647448F}.Release|Any CPU.Build.0 = Release|Any CPU
		{CED9321D-5C75-4C96-B26B-7AF525BACDB7}.Debug|Any CPU.ActiveCfg = Debug|Any CPU
		{CED9321D-5C75-4C96-B26B-7AF525BACDB7}.Debug|Any CPU.Build.0 = Debug|Any CPU
		{CED9321D-5C75-4C96-B26B-7AF525BACDB7}.Release|Any CPU.ActiveCfg = Release|Any CPU
		{CED9321D-5C75-4C96-B26B-7AF525BACDB7}.Release|Any CPU.Build.0 = Release|Any CPU
		{95304D91-D0BD-419C-A694-ECC7EB520501}.Debug|Any CPU.ActiveCfg = Debug|Any CPU
		{95304D91-D0BD-419C-A694-ECC7EB520501}.Debug|Any CPU.Build.0 = Debug|Any CPU
		{95304D91-D0BD-419C-A694-ECC7EB520501}.Release|Any CPU.ActiveCfg = Release|Any CPU
		{95304D91-D0BD-419C-A694-ECC7EB520501}.Release|Any CPU.Build.0 = Release|Any CPU
		{FA40B20D-7305-4E4A-9474-1B5900811C38}.Debug|Any CPU.ActiveCfg = Debug|Any CPU
		{FA40B20D-7305-4E4A-9474-1B5900811C38}.Debug|Any CPU.Build.0 = Debug|Any CPU
		{FA40B20D-7305-4E4A-9474-1B5900811C38}.Release|Any CPU.ActiveCfg = Release|Any CPU
		{FA40B20D-7305-4E4A-9474-1B5900811C38}.Release|Any CPU.Build.0 = Release|Any CPU
		{D66B2CFB-DE40-4F4C-B1B2-6B6601FC8C5A}.Debug|Any CPU.ActiveCfg = Debug|Any CPU
		{D66B2CFB-DE40-4F4C-B1B2-6B6601FC8C5A}.Debug|Any CPU.Build.0 = Debug|Any CPU
		{D66B2CFB-DE40-4F4C-B1B2-6B6601FC8C5A}.Release|Any CPU.ActiveCfg = Release|Any CPU
		{D66B2CFB-DE40-4F4C-B1B2-6B6601FC8C5A}.Release|Any CPU.Build.0 = Release|Any CPU
		{8C433EBE-C846-42D4-9A8F-EBEE3F9AC7C9}.Debug|Any CPU.ActiveCfg = Debug|Any CPU
		{8C433EBE-C846-42D4-9A8F-EBEE3F9AC7C9}.Debug|Any CPU.Build.0 = Debug|Any CPU
		{8C433EBE-C846-42D4-9A8F-EBEE3F9AC7C9}.Release|Any CPU.ActiveCfg = Release|Any CPU
		{8C433EBE-C846-42D4-9A8F-EBEE3F9AC7C9}.Release|Any CPU.Build.0 = Release|Any CPU
		{AC3D2B1D-8E6C-4C6A-B456-C83EA33D2D10}.Debug|Any CPU.ActiveCfg = Debug|Any CPU
		{AC3D2B1D-8E6C-4C6A-B456-C83EA33D2D10}.Debug|Any CPU.Build.0 = Debug|Any CPU
		{AC3D2B1D-8E6C-4C6A-B456-C83EA33D2D10}.Release|Any CPU.ActiveCfg = Release|Any CPU
		{AC3D2B1D-8E6C-4C6A-B456-C83EA33D2D10}.Release|Any CPU.Build.0 = Release|Any CPU
		{7E1F0EA3-5A54-4EC3-8944-E54FF0EC0D4B}.Debug|Any CPU.ActiveCfg = Debug|Any CPU
		{7E1F0EA3-5A54-4EC3-8944-E54FF0EC0D4B}.Debug|Any CPU.Build.0 = Debug|Any CPU
		{7E1F0EA3-5A54-4EC3-8944-E54FF0EC0D4B}.Release|Any CPU.ActiveCfg = Release|Any CPU
		{7E1F0EA3-5A54-4EC3-8944-E54FF0EC0D4B}.Release|Any CPU.Build.0 = Release|Any CPU
		{FCFC0BB2-67B3-4AD3-8F70-CD42C253E1B7}.Debug|Any CPU.ActiveCfg = Debug|Any CPU
		{FCFC0BB2-67B3-4AD3-8F70-CD42C253E1B7}.Debug|Any CPU.Build.0 = Debug|Any CPU
		{FCFC0BB2-67B3-4AD3-8F70-CD42C253E1B7}.Release|Any CPU.ActiveCfg = Release|Any CPU
		{FCFC0BB2-67B3-4AD3-8F70-CD42C253E1B7}.Release|Any CPU.Build.0 = Release|Any CPU
		{8148012A-810F-4853-999E-8E48AF9A14F6}.Debug|Any CPU.ActiveCfg = Debug|Any CPU
		{8148012A-810F-4853-999E-8E48AF9A14F6}.Debug|Any CPU.Build.0 = Debug|Any CPU
		{8148012A-810F-4853-999E-8E48AF9A14F6}.Release|Any CPU.ActiveCfg = Release|Any CPU
		{8148012A-810F-4853-999E-8E48AF9A14F6}.Release|Any CPU.Build.0 = Release|Any CPU
		{79DEEBBE-0D77-4AE4-927D-47719C5B990A}.Debug|Any CPU.ActiveCfg = Debug|Any CPU
		{79DEEBBE-0D77-4AE4-927D-47719C5B990A}.Debug|Any CPU.Build.0 = Debug|Any CPU
		{79DEEBBE-0D77-4AE4-927D-47719C5B990A}.Release|Any CPU.ActiveCfg = Release|Any CPU
		{79DEEBBE-0D77-4AE4-927D-47719C5B990A}.Release|Any CPU.Build.0 = Release|Any CPU
	EndGlobalSection
	GlobalSection(NestedProjects) = preSolution
		{E723FEDD-FB12-419B-9B43-79979BB3D1B5} = {CC32CAE9-0175-4DCB-A15A-A5EFAC883BAE}
		{F47350A7-FE24-42F0-9921-9D2747A78C24} = {E723FEDD-FB12-419B-9B43-79979BB3D1B5}
		{37E4B1ED-F8D6-4B3B-98D9-7284DD4B932C} = {E723FEDD-FB12-419B-9B43-79979BB3D1B5}
		{1885CF29-7D43-41B7-BB4B-ECDA7EE7A9A4} = {CC32CAE9-0175-4DCB-A15A-A5EFAC883BAE}
		{B5DF2B66-86CB-4723-AD8B-F1F20DF0F180} = {1885CF29-7D43-41B7-BB4B-ECDA7EE7A9A4}
		{1CB99E1D-5753-48E2-8394-6CF5B7CA4549} = {1885CF29-7D43-41B7-BB4B-ECDA7EE7A9A4}
		{AA251F19-0F50-4D2F-9553-BECF0D37739F} = {7F45BECB-7734-49E0-AABC-99E3EBA13AF1}
		{AB51A493-5C7B-4778-B33E-C4BECA66FEDB} = {AA251F19-0F50-4D2F-9553-BECF0D37739F}
		{4AFB93A6-9E1C-4DAB-B551-B715D647448F} = {AA251F19-0F50-4D2F-9553-BECF0D37739F}
		{CED9321D-5C75-4C96-B26B-7AF525BACDB7} = {AA251F19-0F50-4D2F-9553-BECF0D37739F}
		{71B43D2E-0915-4CE9-95CF-9A6BD6CA5354} = {BF8016D1-2881-4C77-9C67-7FE6642ADFB7}
		{95304D91-D0BD-419C-A694-ECC7EB520501} = {71B43D2E-0915-4CE9-95CF-9A6BD6CA5354}
		{FA40B20D-7305-4E4A-9474-1B5900811C38} = {71B43D2E-0915-4CE9-95CF-9A6BD6CA5354}
		{0A3F8A90-FDB5-43D6-AF83-47510CB125A8} = {BF8016D1-2881-4C77-9C67-7FE6642ADFB7}
		{D66B2CFB-DE40-4F4C-B1B2-6B6601FC8C5A} = {0A3F8A90-FDB5-43D6-AF83-47510CB125A8}
		{8C433EBE-C846-42D4-9A8F-EBEE3F9AC7C9} = {0A3F8A90-FDB5-43D6-AF83-47510CB125A8}
		{AC3D2B1D-8E6C-4C6A-B456-C83EA33D2D10} = {0A3F8A90-FDB5-43D6-AF83-47510CB125A8}
		{22C2E6E3-454A-4DC3-9AA4-CE5E14BF44E9} = {BF8016D1-2881-4C77-9C67-7FE6642ADFB7}
		{7E1F0EA3-5A54-4EC3-8944-E54FF0EC0D4B} = {22C2E6E3-454A-4DC3-9AA4-CE5E14BF44E9}
		{FCFC0BB2-67B3-4AD3-8F70-CD42C253E1B7} = {22C2E6E3-454A-4DC3-9AA4-CE5E14BF44E9}
		{79DEEBBE-0D77-4AE4-927D-47719C5B990A} = {71B43D2E-0915-4CE9-95CF-9A6BD6CA5354}
		{8148012A-810F-4853-999E-8E48AF9A14F6} = {22C2E6E3-454A-4DC3-9AA4-CE5E14BF44E9}
	EndGlobalSection
EndGlobal
